
Microsoft Visual Studio Solution File, Format Version 12.00
Project("{FAE04EC0-301F-11D3-BF4B-00C04F79EFBC}") = "Tomlyn.Extensions.Configuration", "Tomlyn.Extensions.Configuration\Tomlyn.Extensions.Configuration.csproj", "{B9253898-AA34-4086-A8AD-0D6A35C36DF2}"
EndProject
Global
	GlobalSection(SolutionConfigurationPlatforms) = preSolution
		Debug|Any CPU = Debug|Any CPU
		Release|Any CPU = Release|Any CPU
	EndGlobalSection
	GlobalSection(ProjectConfigurationPlatforms) = postSolution
		{79527171-556C-416D-AE11-D19828BE72FF}.Debug|Any CPU.ActiveCfg = Debug|Any CPU
		{79527171-556C-416D-AE11-D19828BE72FF}.Debug|Any CPU.Build.0 = Debug|Any CPU
		{79527171-556C-416D-AE11-D19828BE72FF}.Release|Any CPU.ActiveCfg = Release|Any CPU
		{79527171-556C-416D-AE11-D19828BE72FF}.Release|Any CPU.Build.0 = Release|Any CPU
		{B9253898-AA34-4086-A8AD-0D6A35C36DF2}.Debug|Any CPU.ActiveCfg = Debug|Any CPU
		{B9253898-AA34-4086-A8AD-0D6A35C36DF2}.Debug|Any CPU.Build.0 = Debug|Any CPU
		{B9253898-AA34-4086-A8AD-0D6A35C36DF2}.Release|Any CPU.ActiveCfg = Release|Any CPU
		{B9253898-AA34-4086-A8AD-0D6A35C36DF2}.Release|Any CPU.Build.0 = Release|Any CPU
	EndGlobalSection
EndGlobal
